
Microsoft Visual Studio Solution File, Format Version 12.00
# Visual Studio Version 17
VisualStudioVersion = 17.5.33530.505
MinimumVisualStudioVersion = 10.0.40219.1
Project("{9A19103F-16F7-4668-BE54-9A1E7A4F7556}") = "Pract_31082023", "Pract_31082023\Pract_31082023.csproj", "{68280D7D-1407-40C6-A048-7E7F5DF33819}"
EndProject
Global
	GlobalSection(SolutionConfigurationPlatforms) = preSolution
		Debug|Any CPU = Debug|Any CPU
		Release|Any CPU = Release|Any CPU
	EndGlobalSection
	GlobalSection(ProjectConfigurationPlatforms) = postSolution
		{68280D7D-1407-40C6-A048-7E7F5DF33819}.Debug|Any CPU.ActiveCfg = Debug|Any CPU
		{68280D7D-1407-40C6-A048-7E7F5DF33819}.Debug|Any CPU.Build.0 = Debug|Any CPU
		{68280D7D-1407-40C6-A048-7E7F5DF33819}.Release|Any CPU.ActiveCfg = Release|Any CPU
		{68280D7D-1407-40C6-A048-7E7F5DF33819}.Release|Any CPU.Build.0 = Release|Any CPU
	EndGlobalSection
	GlobalSection(SolutionProperties) = preSolution
		HideSolutionNode = FALSE
	EndGlobalSection
	GlobalSection(ExtensibilityGlobals) = postSolution
		SolutionGuid = {91A340FB-F526-4861-88F8-648206F8F792}
	EndGlobalSection
EndGlobal
